
Microsoft Visual Studio Solution File, Format Version 12.00
# Visual Studio 15
VisualStudioVersion = 15.0.28010.0
MinimumVisualStudioVersion = 10.0.40219.1
Project("{FAE04EC0-301F-11D3-BF4B-00C04F79EFBC}") = "Calculator", "Calculator\Calculator.csproj", "{2907B1B6-3C37-4D08-BCFF-597AFDF2E14A}"
EndProject
Project("{FAE04EC0-301F-11D3-BF4B-00C04F79EFBC}") = "Calculator.Tests", "Calculator.Tests\Calculator.Tests.csproj", "{432B593D-C86D-43D7-9ED5-80735F8FE410}"
EndProject
Global
	GlobalSection(SolutionConfigurationPlatforms) = preSolution
		Debug|Any CPU = Debug|Any CPU
		Release|Any CPU = Release|Any CPU
	EndGlobalSection
	GlobalSection(ProjectConfigurationPlatforms) = postSolution
		{2907B1B6-3C37-4D08-BCFF-597AFDF2E14A}.Debug|Any CPU.ActiveCfg = Debug|Any CPU
		{2907B1B6-3C37-4D08-BCFF-597AFDF2E14A}.Debug|Any CPU.Build.0 = Debug|Any CPU
		{2907B1B6-3C37-4D08-BCFF-597AFDF2E14A}.Release|Any CPU.ActiveCfg = Release|Any CPU
		{2907B1B6-3C37-4D08-BCFF-597AFDF2E14A}.Release|Any CPU.Build.0 = Release|Any CPU
		{432B593D-C86D-43D7-9ED5-80735F8FE410}.Debug|Any CPU.ActiveCfg = Debug|Any CPU
		{432B593D-C86D-43D7-9ED5-80735F8FE410}.Debug|Any CPU.Build.0 = Debug|Any CPU
		{432B593D-C86D-43D7-9ED5-80735F8FE410}.Release|Any CPU.ActiveCfg = Release|Any CPU
		{432B593D-C86D-43D7-9ED5-80735F8FE410}.Release|Any CPU.Build.0 = Release|Any CPU
	EndGlobalSection
	GlobalSection(SolutionProperties) = preSolution
		HideSolutionNode = FALSE
	EndGlobalSection
	GlobalSection(ExtensibilityGlobals) = postSolution
		SolutionGuid = {3E72C8D0-C845-40E7-B59D-0B6F41CC4E4C}
	EndGlobalSection
EndGlobal
